// !$*UTF8*$!
{
	archiveVersion = 1;
	classes = {
	};
	objectVersion = 56;
	objects = {

/* Begin PBXBuildFile section */
		63B687872BCEC81600B5D0F9 /* GitHubClientApp.swift in Sources */ = {isa = PBXBuildFile; fileRef = 63B687862BCEC81600B5D0F9 /* GitHubClientApp.swift */; };
		63B687892BCEC81600B5D0F9 /* UserListView.swift in Sources */ = {isa = PBXBuildFile; fileRef = 63B687882BCEC81600B5D0F9 /* UserListView.swift */; };
		63B6878B2BCEC81700B5D0F9 /* Assets.xcassets in Resources */ = {isa = PBXBuildFile; fileRef = 63B6878A2BCEC81700B5D0F9 /* Assets.xcassets */; };
		63B6878E2BCEC81700B5D0F9 /* Preview Assets.xcassets in Resources */ = {isa = PBXBuildFile; fileRef = 63B6878D2BCEC81700B5D0F9 /* Preview Assets.xcassets */; };
		63B6879B2BCEE4D000B5D0F9 /* GitHubApiClientTests.swift in Sources */ = {isa = PBXBuildFile; fileRef = 63B6879A2BCEE4D000B5D0F9 /* GitHubApiClientTests.swift */; };
		63B687A62BD0098B00B5D0F9 /* GitHubApiClient.swift in Sources */ = {isa = PBXBuildFile; fileRef = 63B687A52BD0098B00B5D0F9 /* GitHubApiClient.swift */; };
		63B687AA2BD0380500B5D0F9 /* Request.swift in Sources */ = {isa = PBXBuildFile; fileRef = 63B687A92BD0380500B5D0F9 /* Request.swift */; };
		63B687AC2BD0382100B5D0F9 /* Response.swift in Sources */ = {isa = PBXBuildFile; fileRef = 63B687AB2BD0382100B5D0F9 /* Response.swift */; };
		63B687AE2BD038F300B5D0F9 /* ConnectionError.swift in Sources */ = {isa = PBXBuildFile; fileRef = 63B687AD2BD038F300B5D0F9 /* ConnectionError.swift */; };
		63B687B12BD03E6C00B5D0F9 /* UserListClient.swift in Sources */ = {isa = PBXBuildFile; fileRef = 63B687B02BD03E6C00B5D0F9 /* UserListClient.swift */; };
		63B687B32BD045CC00B5D0F9 /* UserList.swift in Sources */ = {isa = PBXBuildFile; fileRef = 63B687B22BD045CC00B5D0F9 /* UserList.swift */; };
		63B687B72BD04CEA00B5D0F9 /* Environment.swift in Sources */ = {isa = PBXBuildFile; fileRef = 63B687B62BD04CEA00B5D0F9 /* Environment.swift */; };
		63B687B92BD173EA00B5D0F9 /* ResponseTranslator.swift in Sources */ = {isa = PBXBuildFile; fileRef = 63B687B82BD173EA00B5D0F9 /* ResponseTranslator.swift */; };
		63B687BB2BD1748600B5D0F9 /* TransformError.swift in Sources */ = {isa = PBXBuildFile; fileRef = 63B687BA2BD1748600B5D0F9 /* TransformError.swift */; };
		63B687C02BD2CA6200B5D0F9 /* UserListClientTests.swift in Sources */ = {isa = PBXBuildFile; fileRef = 63B687BF2BD2CA6200B5D0F9 /* UserListClientTests.swift */; };
		63B687C32BD2D48300B5D0F9 /* UserRepositoryView.swift in Sources */ = {isa = PBXBuildFile; fileRef = 63B687C22BD2D48300B5D0F9 /* UserRepositoryView.swift */; };
		63B687C52BD2D54A00B5D0F9 /* UserRepositoryClient.swift in Sources */ = {isa = PBXBuildFile; fileRef = 63B687C42BD2D54A00B5D0F9 /* UserRepositoryClient.swift */; };
		63B687C72BD2D64200B5D0F9 /* UserRepository.swift in Sources */ = {isa = PBXBuildFile; fileRef = 63B687C62BD2D64200B5D0F9 /* UserRepository.swift */; };
/* End PBXBuildFile section */

/* Begin PBXContainerItemProxy section */
		63B6879C2BCEE4D000B5D0F9 /* PBXContainerItemProxy */ = {
			isa = PBXContainerItemProxy;
			containerPortal = 63B6877B2BCEC81600B5D0F9 /* Project object */;
			proxyType = 1;
			remoteGlobalIDString = 63B687822BCEC81600B5D0F9;
			remoteInfo = GitHubClientApp;
		};
/* End PBXContainerItemProxy section */

/* Begin PBXFileReference section */
		63B687832BCEC81600B5D0F9 /* GitHubClientApp.app */ = {isa = PBXFileReference; explicitFileType = wrapper.application; includeInIndex = 0; path = GitHubClientApp.app; sourceTree = BUILT_PRODUCTS_DIR; };
		63B687862BCEC81600B5D0F9 /* GitHubClientApp.swift */ = {isa = PBXFileReference; lastKnownFileType = sourcecode.swift; path = GitHubClientApp.swift; sourceTree = "<group>"; };
		63B687882BCEC81600B5D0F9 /* UserListView.swift */ = {isa = PBXFileReference; lastKnownFileType = sourcecode.swift; path = UserListView.swift; sourceTree = "<group>"; };
		63B6878A2BCEC81700B5D0F9 /* Assets.xcassets */ = {isa = PBXFileReference; lastKnownFileType = folder.assetcatalog; path = Assets.xcassets; sourceTree = "<group>"; };
		63B6878D2BCEC81700B5D0F9 /* Preview Assets.xcassets */ = {isa = PBXFileReference; lastKnownFileType = folder.assetcatalog; path = "Preview Assets.xcassets"; sourceTree = "<group>"; };
		63B687982BCEE4D000B5D0F9 /* GitHubClientAppTests.xctest */ = {isa = PBXFileReference; explicitFileType = wrapper.cfbundle; includeInIndex = 0; path = GitHubClientAppTests.xctest; sourceTree = BUILT_PRODUCTS_DIR; };
		63B6879A2BCEE4D000B5D0F9 /* GitHubApiClientTests.swift */ = {isa = PBXFileReference; lastKnownFileType = sourcecode.swift; path = GitHubApiClientTests.swift; sourceTree = "<group>"; };
		63B687A52BD0098B00B5D0F9 /* GitHubApiClient.swift */ = {isa = PBXFileReference; lastKnownFileType = sourcecode.swift; path = GitHubApiClient.swift; sourceTree = "<group>"; };
		63B687A92BD0380500B5D0F9 /* Request.swift */ = {isa = PBXFileReference; lastKnownFileType = sourcecode.swift; path = Request.swift; sourceTree = "<group>"; };
		63B687AB2BD0382100B5D0F9 /* Response.swift */ = {isa = PBXFileReference; lastKnownFileType = sourcecode.swift; path = Response.swift; sourceTree = "<group>"; };
		63B687AD2BD038F300B5D0F9 /* ConnectionError.swift */ = {isa = PBXFileReference; lastKnownFileType = sourcecode.swift; path = ConnectionError.swift; sourceTree = "<group>"; };
		63B687B02BD03E6C00B5D0F9 /* UserListClient.swift */ = {isa = PBXFileReference; lastKnownFileType = sourcecode.swift; path = UserListClient.swift; sourceTree = "<group>"; };
		63B687B22BD045CC00B5D0F9 /* UserList.swift */ = {isa = PBXFileReference; lastKnownFileType = sourcecode.swift; path = UserList.swift; sourceTree = "<group>"; };
		63B687B62BD04CEA00B5D0F9 /* Environment.swift */ = {isa = PBXFileReference; lastKnownFileType = sourcecode.swift; path = Environment.swift; sourceTree = "<group>"; };
		63B687B82BD173EA00B5D0F9 /* ResponseTranslator.swift */ = {isa = PBXFileReference; lastKnownFileType = sourcecode.swift; path = ResponseTranslator.swift; sourceTree = "<group>"; };
		63B687BA2BD1748600B5D0F9 /* TransformError.swift */ = {isa = PBXFileReference; lastKnownFileType = sourcecode.swift; path = TransformError.swift; sourceTree = "<group>"; };
		63B687BF2BD2CA6200B5D0F9 /* UserListClientTests.swift */ = {isa = PBXFileReference; lastKnownFileType = sourcecode.swift; path = UserListClientTests.swift; sourceTree = "<group>"; };
		63B687C22BD2D48300B5D0F9 /* UserRepositoryView.swift */ = {isa = PBXFileReference; lastKnownFileType = sourcecode.swift; path = UserRepositoryView.swift; sourceTree = "<group>"; };
		63B687C42BD2D54A00B5D0F9 /* UserRepositoryClient.swift */ = {isa = PBXFileReference; lastKnownFileType = sourcecode.swift; path = UserRepositoryClient.swift; sourceTree = "<group>"; };
		63B687C62BD2D64200B5D0F9 /* UserRepository.swift */ = {isa = PBXFileReference; lastKnownFileType = sourcecode.swift; path = UserRepository.swift; sourceTree = "<group>"; };
/* End PBXFileReference section */

/* Begin PBXFrameworksBuildPhase section */
		63B687802BCEC81600B5D0F9 /* Frameworks */ = {
			isa = PBXFrameworksBuildPhase;
			buildActionMask = 2147483647;
			files = (
			);
			runOnlyForDeploymentPostprocessing = 0;
		};
		63B687952BCEE4D000B5D0F9 /* Frameworks */ = {
			isa = PBXFrameworksBuildPhase;
			buildActionMask = 2147483647;
			files = (
			);
			runOnlyForDeploymentPostprocessing = 0;
		};
/* End PBXFrameworksBuildPhase section */

/* Begin PBXGroup section */
		63B6877A2BCEC81600B5D0F9 = {
			isa = PBXGroup;
			children = (
				63B687852BCEC81600B5D0F9 /* GitHubClientApp */,
				63B687992BCEE4D000B5D0F9 /* GitHubClientAppTests */,
				63B687842BCEC81600B5D0F9 /* Products */,
			);
			sourceTree = "<group>";
		};
		63B687842BCEC81600B5D0F9 /* Products */ = {
			isa = PBXGroup;
			children = (
				63B687832BCEC81600B5D0F9 /* GitHubClientApp.app */,
				63B687982BCEE4D000B5D0F9 /* GitHubClientAppTests.xctest */,
			);
			name = Products;
			sourceTree = "<group>";
		};
		63B687852BCEC81600B5D0F9 /* GitHubClientApp */ = {
			isa = PBXGroup;
			children = (
				63B687C12BD2D46E00B5D0F9 /* UserRepository */,
				63B687AF2BD03E4B00B5D0F9 /* UserList */,
				63B687A12BD0014A00B5D0F9 /* ApiClient */,
				63B687862BCEC81600B5D0F9 /* GitHubClientApp.swift */,
				63B6878A2BCEC81700B5D0F9 /* Assets.xcassets */,
				63B6878C2BCEC81700B5D0F9 /* Preview Content */,
				63B687B62BD04CEA00B5D0F9 /* Environment.swift */,
			);
			path = GitHubClientApp;
			sourceTree = "<group>";
		};
		63B6878C2BCEC81700B5D0F9 /* Preview Content */ = {
			isa = PBXGroup;
			children = (
				63B6878D2BCEC81700B5D0F9 /* Preview Assets.xcassets */,
			);
			path = "Preview Content";
			sourceTree = "<group>";
		};
		63B687992BCEE4D000B5D0F9 /* GitHubClientAppTests */ = {
			isa = PBXGroup;
			children = (
				63B687BE2BD2CA5100B5D0F9 /* UserList */,
				63B687A42BD004AB00B5D0F9 /* ApiClient */,
			);
			path = GitHubClientAppTests;
			sourceTree = "<group>";
		};
		63B687A12BD0014A00B5D0F9 /* ApiClient */ = {
			isa = PBXGroup;
			children = (
				63B687A52BD0098B00B5D0F9 /* GitHubApiClient.swift */,
				63B687A92BD0380500B5D0F9 /* Request.swift */,
				63B687AB2BD0382100B5D0F9 /* Response.swift */,
				63B687AD2BD038F300B5D0F9 /* ConnectionError.swift */,
				63B687B82BD173EA00B5D0F9 /* ResponseTranslator.swift */,
				63B687BA2BD1748600B5D0F9 /* TransformError.swift */,
			);
			path = ApiClient;
			sourceTree = "<group>";
		};
		63B687A42BD004AB00B5D0F9 /* ApiClient */ = {
			isa = PBXGroup;
			children = (
				63B6879A2BCEE4D000B5D0F9 /* GitHubApiClientTests.swift */,
			);
			path = ApiClient;
			sourceTree = "<group>";
		};
		63B687AF2BD03E4B00B5D0F9 /* UserList */ = {
			isa = PBXGroup;
			children = (
				63B687B02BD03E6C00B5D0F9 /* UserListClient.swift */,
				63B687882BCEC81600B5D0F9 /* UserListView.swift */,
				63B687B22BD045CC00B5D0F9 /* UserList.swift */,
			);
			path = UserList;
			sourceTree = "<group>";
		};
		63B687BE2BD2CA5100B5D0F9 /* UserList */ = {
			isa = PBXGroup;
			children = (
				63B687BF2BD2CA6200B5D0F9 /* UserListClientTests.swift */,
			);
			path = UserList;
			sourceTree = "<group>";
		};
		63B687C12BD2D46E00B5D0F9 /* UserRepository */ = {
			isa = PBXGroup;
			children = (
				63B687C22BD2D48300B5D0F9 /* UserRepositoryView.swift */,
				63B687C42BD2D54A00B5D0F9 /* UserRepositoryClient.swift */,
				63B687C62BD2D64200B5D0F9 /* UserRepository.swift */,
			);
			path = UserRepository;
			sourceTree = "<group>";
		};
/* End PBXGroup section */

/* Begin PBXNativeTarget section */
		63B687822BCEC81600B5D0F9 /* GitHubClientApp */ = {
			isa = PBXNativeTarget;
			buildConfigurationList = 63B687912BCEC81700B5D0F9 /* Build configuration list for PBXNativeTarget "GitHubClientApp" */;
			buildPhases = (
				63B6877F2BCEC81600B5D0F9 /* Sources */,
				63B687802BCEC81600B5D0F9 /* Frameworks */,
				63B687812BCEC81600B5D0F9 /* Resources */,
			);
			buildRules = (
			);
			dependencies = (
			);
			name = GitHubClientApp;
			productName = GitHubClientApp;
			productReference = 63B687832BCEC81600B5D0F9 /* GitHubClientApp.app */;
			productType = "com.apple.product-type.application";
		};
		63B687972BCEE4D000B5D0F9 /* GitHubClientAppTests */ = {
			isa = PBXNativeTarget;
			buildConfigurationList = 63B6879E2BCEE4D000B5D0F9 /* Build configuration list for PBXNativeTarget "GitHubClientAppTests" */;
			buildPhases = (
				63B687942BCEE4D000B5D0F9 /* Sources */,
				63B687952BCEE4D000B5D0F9 /* Frameworks */,
				63B687962BCEE4D000B5D0F9 /* Resources */,
			);
			buildRules = (
			);
			dependencies = (
				63B6879D2BCEE4D000B5D0F9 /* PBXTargetDependency */,
			);
			name = GitHubClientAppTests;
			productName = GitHubClientAppTests;
			productReference = 63B687982BCEE4D000B5D0F9 /* GitHubClientAppTests.xctest */;
			productType = "com.apple.product-type.bundle.unit-test";
		};
/* End PBXNativeTarget section */

/* Begin PBXProject section */
		63B6877B2BCEC81600B5D0F9 /* Project object */ = {
			isa = PBXProject;
			attributes = {
				BuildIndependentTargetsInParallel = 1;
				LastSwiftUpdateCheck = 1530;
				LastUpgradeCheck = 1530;
				TargetAttributes = {
					63B687822BCEC81600B5D0F9 = {
						CreatedOnToolsVersion = 15.3;
					};
					63B687972BCEE4D000B5D0F9 = {
						CreatedOnToolsVersion = 15.3;
						TestTargetID = 63B687822BCEC81600B5D0F9;
					};
				};
			};
			buildConfigurationList = 63B6877E2BCEC81600B5D0F9 /* Build configuration list for PBXProject "GitHubClientApp" */;
			compatibilityVersion = "Xcode 14.0";
			developmentRegion = en;
			hasScannedForEncodings = 0;
			knownRegions = (
				en,
				Base,
			);
			mainGroup = 63B6877A2BCEC81600B5D0F9;
			productRefGroup = 63B687842BCEC81600B5D0F9 /* Products */;
			projectDirPath = "";
			projectRoot = "";
			targets = (
				63B687822BCEC81600B5D0F9 /* GitHubClientApp */,
				63B687972BCEE4D000B5D0F9 /* GitHubClientAppTests */,
			);
		};
/* End PBXProject section */

/* Begin PBXResourcesBuildPhase section */
		63B687812BCEC81600B5D0F9 /* Resources */ = {
			isa = PBXResourcesBuildPhase;
			buildActionMask = 2147483647;
			files = (
				63B6878E2BCEC81700B5D0F9 /* Preview Assets.xcassets in Resources */,
				63B6878B2BCEC81700B5D0F9 /* Assets.xcassets in Resources */,
			);
			runOnlyForDeploymentPostprocessing = 0;
		};
		63B687962BCEE4D000B5D0F9 /* Resources */ = {
			isa = PBXResourcesBuildPhase;
			buildActionMask = 2147483647;
			files = (
			);
			runOnlyForDeploymentPostprocessing = 0;
		};
/* End PBXResourcesBuildPhase section */

/* Begin PBXSourcesBuildPhase section */
		63B6877F2BCEC81600B5D0F9 /* Sources */ = {
			isa = PBXSourcesBuildPhase;
			buildActionMask = 2147483647;
			files = (
				63B687892BCEC81600B5D0F9 /* UserListView.swift in Sources */,
				63B687C32BD2D48300B5D0F9 /* UserRepositoryView.swift in Sources */,
				63B687AA2BD0380500B5D0F9 /* Request.swift in Sources */,
				63B687872BCEC81600B5D0F9 /* GitHubClientApp.swift in Sources */,
				63B687BB2BD1748600B5D0F9 /* TransformError.swift in Sources */,
				63B687AC2BD0382100B5D0F9 /* Response.swift in Sources */,
				63B687B72BD04CEA00B5D0F9 /* Environment.swift in Sources */,
				63B687B32BD045CC00B5D0F9 /* UserList.swift in Sources */,
				63B687AE2BD038F300B5D0F9 /* ConnectionError.swift in Sources */,
				63B687C52BD2D54A00B5D0F9 /* UserRepositoryClient.swift in Sources */,
				63B687C72BD2D64200B5D0F9 /* UserRepository.swift in Sources */,
				63B687A62BD0098B00B5D0F9 /* GitHubApiClient.swift in Sources */,
				63B687B92BD173EA00B5D0F9 /* ResponseTranslator.swift in Sources */,
				63B687B12BD03E6C00B5D0F9 /* UserListClient.swift in Sources */,
			);
			runOnlyForDeploymentPostprocessing = 0;
		};
		63B687942BCEE4D000B5D0F9 /* Sources */ = {
			isa = PBXSourcesBuildPhase;
			buildActionMask = 2147483647;
			files = (
				63B6879B2BCEE4D000B5D0F9 /* GitHubApiClientTests.swift in Sources */,
				63B687C02BD2CA6200B5D0F9 /* UserListClientTests.swift in Sources */,
			);
			runOnlyForDeploymentPostprocessing = 0;
		};
/* End PBXSourcesBuildPhase section */

/* Begin PBXTargetDependency section */
		63B6879D2BCEE4D000B5D0F9 /* PBXTargetDependency */ = {
			isa = PBXTargetDependency;
			target = 63B687822BCEC81600B5D0F9 /* GitHubClientApp */;
			targetProxy = 63B6879C2BCEE4D000B5D0F9 /* PBXContainerItemProxy */;
		};
/* End PBXTargetDependency section */

/* Begin XCBuildConfiguration section */
		63B6878F2BCEC81700B5D0F9 /* Debug */ = {
			isa = XCBuildConfiguration;
			buildSettings = {
				ALWAYS_SEARCH_USER_PATHS = NO;
				ASSETCATALOG_COMPILER_GENERATE_SWIFT_ASSET_SYMBOL_EXTENSIONS = YES;
				CLANG_ANALYZER_NONNULL = YES;
				CLANG_ANALYZER_NUMBER_OBJECT_CONVERSION = YES_AGGRESSIVE;
				CLANG_CXX_LANGUAGE_STANDARD = "gnu++20";
				CLANG_ENABLE_MODULES = YES;
				CLANG_ENABLE_OBJC_ARC = YES;
				CLANG_ENABLE_OBJC_WEAK = YES;
				CLANG_WARN_BLOCK_CAPTURE_AUTORELEASING = YES;
				CLANG_WARN_BOOL_CONVERSION = YES;
				CLANG_WARN_COMMA = YES;
				CLANG_WARN_CONSTANT_CONVERSION = YES;
				CLANG_WARN_DEPRECATED_OBJC_IMPLEMENTATIONS = YES;
				CLANG_WARN_DIRECT_OBJC_ISA_USAGE = YES_ERROR;
				CLANG_WARN_DOCUMENTATION_COMMENTS = YES;
				CLANG_WARN_EMPTY_BODY = YES;
				CLANG_WARN_ENUM_CONVERSION = YES;
				CLANG_WARN_INFINITE_RECURSION = YES;
				CLANG_WARN_INT_CONVERSION = YES;
				CLANG_WARN_NON_LITERAL_NULL_CONVERSION = YES;
				CLANG_WARN_OBJC_IMPLICIT_RETAIN_SELF = YES;
				CLANG_WARN_OBJC_LITERAL_CONVERSION = YES;
				CLANG_WARN_OBJC_ROOT_CLASS = YES_ERROR;
				CLANG_WARN_QUOTED_INCLUDE_IN_FRAMEWORK_HEADER = YES;
				CLANG_WARN_RANGE_LOOP_ANALYSIS = YES;
				CLANG_WARN_STRICT_PROTOTYPES = YES;
				CLANG_WARN_SUSPICIOUS_MOVE = YES;
				CLANG_WARN_UNGUARDED_AVAILABILITY = YES_AGGRESSIVE;
				CLANG_WARN_UNREACHABLE_CODE = YES;
				CLANG_WARN__DUPLICATE_METHOD_MATCH = YES;
				COPY_PHASE_STRIP = NO;
				DEBUG_INFORMATION_FORMAT = dwarf;
				ENABLE_STRICT_OBJC_MSGSEND = YES;
				ENABLE_TESTABILITY = YES;
				ENABLE_USER_SCRIPT_SANDBOXING = YES;
				GCC_C_LANGUAGE_STANDARD = gnu17;
				GCC_DYNAMIC_NO_PIC = NO;
				GCC_NO_COMMON_BLOCKS = YES;
				GCC_OPTIMIZATION_LEVEL = 0;
				GCC_PREPROCESSOR_DEFINITIONS = (
					"DEBUG=1",
					"$(inherited)",
				);
				GCC_WARN_64_TO_32_BIT_CONVERSION = YES;
				GCC_WARN_ABOUT_RETURN_TYPE = YES_ERROR;
				GCC_WARN_UNDECLARED_SELECTOR = YES;
				GCC_WARN_UNINITIALIZED_AUTOS = YES_AGGRESSIVE;
				GCC_WARN_UNUSED_FUNCTION = YES;
				GCC_WARN_UNUSED_VARIABLE = YES;
				IPHONEOS_DEPLOYMENT_TARGET = 17.4;
				LOCALIZATION_PREFERS_STRING_CATALOGS = YES;
				MTL_ENABLE_DEBUG_INFO = INCLUDE_SOURCE;
				MTL_FAST_MATH = YES;
				ONLY_ACTIVE_ARCH = YES;
				SDKROOT = iphoneos;
				SWIFT_ACTIVE_COMPILATION_CONDITIONS = "DEBUG $(inherited)";
				SWIFT_OPTIMIZATION_LEVEL = "-Onone";
			};
			name = Debug;
		};
		63B687902BCEC81700B5D0F9 /* Release */ = {
			isa = XCBuildConfiguration;
			buildSettings = {
				ALWAYS_SEARCH_USER_PATHS = NO;
				ASSETCATALOG_COMPILER_GENERATE_SWIFT_ASSET_SYMBOL_EXTENSIONS = YES;
				CLANG_ANALYZER_NONNULL = YES;
				CLANG_ANALYZER_NUMBER_OBJECT_CONVERSION = YES_AGGRESSIVE;
				CLANG_CXX_LANGUAGE_STANDARD = "gnu++20";
				CLANG_ENABLE_MODULES = YES;
				CLANG_ENABLE_OBJC_ARC = YES;
				CLANG_ENABLE_OBJC_WEAK = YES;
				CLANG_WARN_BLOCK_CAPTURE_AUTORELEASING = YES;
				CLANG_WARN_BOOL_CONVERSION = YES;
				CLANG_WARN_COMMA = YES;
				CLANG_WARN_CONSTANT_CONVERSION = YES;
				CLANG_WARN_DEPRECATED_OBJC_IMPLEMENTATIONS = YES;
				CLANG_WARN_DIRECT_OBJC_ISA_USAGE = YES_ERROR;
				CLANG_WARN_DOCUMENTATION_COMMENTS = YES;
				CLANG_WARN_EMPTY_BODY = YES;
				CLANG_WARN_ENUM_CONVERSION = YES;
				CLANG_WARN_INFINITE_RECURSION = YES;
				CLANG_WARN_INT_CONVERSION = YES;
				CLANG_WARN_NON_LITERAL_NULL_CONVERSION = YES;
				CLANG_WARN_OBJC_IMPLICIT_RETAIN_SELF = YES;
				CLANG_WARN_OBJC_LITERAL_CONVERSION = YES;
				CLANG_WARN_OBJC_ROOT_CLASS = YES_ERROR;
				CLANG_WARN_QUOTED_INCLUDE_IN_FRAMEWORK_HEADER = YES;
				CLANG_WARN_RANGE_LOOP_ANALYSIS = YES;
				CLANG_WARN_STRICT_PROTOTYPES = YES;
				CLANG_WARN_SUSPICIOUS_MOVE = YES;
				CLANG_WARN_UNGUARDED_AVAILABILITY = YES_AGGRESSIVE;
				CLANG_WARN_UNREACHABLE_CODE = YES;
				CLANG_WARN__DUPLICATE_METHOD_MATCH = YES;
				COPY_PHASE_STRIP = NO;
				DEBUG_INFORMATION_FORMAT = "dwarf-with-dsym";
				ENABLE_NS_ASSERTIONS = NO;
				ENABLE_STRICT_OBJC_MSGSEND = YES;
				ENABLE_USER_SCRIPT_SANDBOXING = YES;
				GCC_C_LANGUAGE_STANDARD = gnu17;
				GCC_NO_COMMON_BLOCKS = YES;
				GCC_WARN_64_TO_32_BIT_CONVERSION = YES;
				GCC_WARN_ABOUT_RETURN_TYPE = YES_ERROR;
				GCC_WARN_UNDECLARED_SELECTOR = YES;
				GCC_WARN_UNINITIALIZED_AUTOS = YES_AGGRESSIVE;
				GCC_WARN_UNUSED_FUNCTION = YES;
				GCC_WARN_UNUSED_VARIABLE = YES;
				IPHONEOS_DEPLOYMENT_TARGET = 17.4;
				LOCALIZATION_PREFERS_STRING_CATALOGS = YES;
				MTL_ENABLE_DEBUG_INFO = NO;
				MTL_FAST_MATH = YES;
				SDKROOT = iphoneos;
				SWIFT_COMPILATION_MODE = wholemodule;
				VALIDATE_PRODUCT = YES;
			};
			name = Release;
		};
		63B687922BCEC81700B5D0F9 /* Debug */ = {
			isa = XCBuildConfiguration;
			buildSettings = {
				ASSETCATALOG_COMPILER_APPICON_NAME = AppIcon;
				ASSETCATALOG_COMPILER_GLOBAL_ACCENT_COLOR_NAME = AccentColor;
				CODE_SIGN_STYLE = Automatic;
				CURRENT_PROJECT_VERSION = 1;
				DEVELOPMENT_ASSET_PATHS = "\"GitHubClientApp/Preview Content\"";
				DEVELOPMENT_TEAM = RDL87GQ43U;
				ENABLE_PREVIEWS = YES;
				GENERATE_INFOPLIST_FILE = YES;
				INFOPLIST_KEY_UIApplicationSceneManifest_Generation = YES;
				INFOPLIST_KEY_UIApplicationSupportsIndirectInputEvents = YES;
				INFOPLIST_KEY_UILaunchScreen_Generation = YES;
				INFOPLIST_KEY_UISupportedInterfaceOrientations_iPad = "UIInterfaceOrientationPortrait UIInterfaceOrientationPortraitUpsideDown UIInterfaceOrientationLandscapeLeft UIInterfaceOrientationLandscapeRight";
				INFOPLIST_KEY_UISupportedInterfaceOrientations_iPhone = "UIInterfaceOrientationPortrait UIInterfaceOrientationLandscapeLeft UIInterfaceOrientationLandscapeRight";
				LD_RUNPATH_SEARCH_PATHS = (
					"$(inherited)",
					"@executable_path/Frameworks",
				);
				MARKETING_VERSION = 1.0;
				PRODUCT_BUNDLE_IDENTIFIER = "munakata-hisashi.GitHubClientApp";
				PRODUCT_NAME = "$(TARGET_NAME)";
				SWIFT_EMIT_LOC_STRINGS = YES;
				SWIFT_VERSION = 5.0;
				TARGETED_DEVICE_FAMILY = "1,2";
			};
			name = Debug;
		};
		63B687932BCEC81700B5D0F9 /* Release */ = {
			isa = XCBuildConfiguration;
			buildSettings = {
				ASSETCATALOG_COMPILER_APPICON_NAME = AppIcon;
				ASSETCATALOG_COMPILER_GLOBAL_ACCENT_COLOR_NAME = AccentColor;
				CODE_SIGN_STYLE = Automatic;
				CURRENT_PROJECT_VERSION = 1;
				DEVELOPMENT_ASSET_PATHS = "\"GitHubClientApp/Preview Content\"";
				DEVELOPMENT_TEAM = RDL87GQ43U;
				ENABLE_PREVIEWS = YES;
				GENERATE_INFOPLIST_FILE = YES;
				INFOPLIST_KEY_UIApplicationSceneManifest_Generation = YES;
				INFOPLIST_KEY_UIApplicationSupportsIndirectInputEvents = YES;
				INFOPLIST_KEY_UILaunchScreen_Generation = YES;
				INFOPLIST_KEY_UISupportedInterfaceOrientations_iPad = "UIInterfaceOrientationPortrait UIInterfaceOrientationPortraitUpsideDown UIInterfaceOrientationLandscapeLeft UIInterfaceOrientationLandscapeRight";
				INFOPLIST_KEY_UISupportedInterfaceOrientations_iPhone = "UIInterfaceOrientationPortrait UIInterfaceOrientationLandscapeLeft UIInterfaceOrientationLandscapeRight";
				LD_RUNPATH_SEARCH_PATHS = (
					"$(inherited)",
					"@executable_path/Frameworks",
				);
				MARKETING_VERSION = 1.0;
				PRODUCT_BUNDLE_IDENTIFIER = "munakata-hisashi.GitHubClientApp";
				PRODUCT_NAME = "$(TARGET_NAME)";
				SWIFT_EMIT_LOC_STRINGS = YES;
				SWIFT_VERSION = 5.0;
				TARGETED_DEVICE_FAMILY = "1,2";
			};
			name = Release;
		};
		63B6879F2BCEE4D000B5D0F9 /* Debug */ = {
			isa = XCBuildConfiguration;
			buildSettings = {
				BUNDLE_LOADER = "$(TEST_HOST)";
				CODE_SIGN_STYLE = Automatic;
				CURRENT_PROJECT_VERSION = 1;
				DEVELOPMENT_TEAM = RDL87GQ43U;
				GENERATE_INFOPLIST_FILE = YES;
				MARKETING_VERSION = 1.0;
				PRODUCT_BUNDLE_IDENTIFIER = "munakata-hisashi.GitHubClientAppTests";
				PRODUCT_NAME = "$(TARGET_NAME)";
				SWIFT_EMIT_LOC_STRINGS = NO;
				SWIFT_VERSION = 5.0;
				TARGETED_DEVICE_FAMILY = "1,2";
				TEST_HOST = "$(BUILT_PRODUCTS_DIR)/GitHubClientApp.app/$(BUNDLE_EXECUTABLE_FOLDER_PATH)/GitHubClientApp";
			};
			name = Debug;
		};
		63B687A02BCEE4D000B5D0F9 /* Release */ = {
			isa = XCBuildConfiguration;
			buildSettings = {
				BUNDLE_LOADER = "$(TEST_HOST)";
				CODE_SIGN_STYLE = Automatic;
				CURRENT_PROJECT_VERSION = 1;
				DEVELOPMENT_TEAM = RDL87GQ43U;
				GENERATE_INFOPLIST_FILE = YES;
				MARKETING_VERSION = 1.0;
				PRODUCT_BUNDLE_IDENTIFIER = "munakata-hisashi.GitHubClientAppTests";
				PRODUCT_NAME = "$(TARGET_NAME)";
				SWIFT_EMIT_LOC_STRINGS = NO;
				SWIFT_VERSION = 5.0;
				TARGETED_DEVICE_FAMILY = "1,2";
				TEST_HOST = "$(BUILT_PRODUCTS_DIR)/GitHubClientApp.app/$(BUNDLE_EXECUTABLE_FOLDER_PATH)/GitHubClientApp";
			};
			name = Release;
		};
/* End XCBuildConfiguration section */

/* Begin XCConfigurationList section */
		63B6877E2BCEC81600B5D0F9 /* Build configuration list for PBXProject "GitHubClientApp" */ = {
			isa = XCConfigurationList;
			buildConfigurations = (
				63B6878F2BCEC81700B5D0F9 /* Debug */,
				63B687902BCEC81700B5D0F9 /* Release */,
			);
			defaultConfigurationIsVisible = 0;
			defaultConfigurationName = Release;
		};
		63B687912BCEC81700B5D0F9 /* Build configuration list for PBXNativeTarget "GitHubClientApp" */ = {
			isa = XCConfigurationList;
			buildConfigurations = (
				63B687922BCEC81700B5D0F9 /* Debug */,
				63B687932BCEC81700B5D0F9 /* Release */,
			);
			defaultConfigurationIsVisible = 0;
			defaultConfigurationName = Release;
		};
		63B6879E2BCEE4D000B5D0F9 /* Build configuration list for PBXNativeTarget "GitHubClientAppTests" */ = {
			isa = XCConfigurationList;
			buildConfigurations = (
				63B6879F2BCEE4D000B5D0F9 /* Debug */,
				63B687A02BCEE4D000B5D0F9 /* Release */,
			);
			defaultConfigurationIsVisible = 0;
			defaultConfigurationName = Release;
		};
/* End XCConfigurationList section */
	};
	rootObject = 63B6877B2BCEC81600B5D0F9 /* Project object */;
}
